
Microsoft Visual Studio Solution File, Format Version 12.00
# Visual Studio Version 17
VisualStudioVersion = 17.0.31903.59
MinimumVisualStudioVersion = 10.0.40219.1
Project("{9A19103F-16F7-4668-BE54-9A1E7A4F7556}") = "KUK.ChinookCruds", "KUK.ChinookCruds\KUK.ChinookCruds.csproj", "{76198EA9-6601-4DE4-B3E7-716A51BA4D55}"
EndProject
Project("{9A19103F-16F7-4668-BE54-9A1E7A4F7556}") = "KUK.Common", "KUK.Common\KUK.Common.csproj", "{8C82E11D-DDB4-4132-845D-6DA164B09D96}"
EndProject
Project("{9A19103F-16F7-4668-BE54-9A1E7A4F7556}") = "KUK.ManagementServices", "KUK.ManagementServices\KUK.ManagementServices.csproj", "{BA8370B6-3C6B-45EE-BE79-311A416FA0AE}"
EndProject
Project("{9A19103F-16F7-4668-BE54-9A1E7A4F7556}") = "KUK.IntegrationTests", "KUK.IntegrationTests\KUK.IntegrationTests.csproj", "{484B0D82-FB16-4E75-AE61-2A8A1A793F6B}"
EndProject
Project("{9A19103F-16F7-4668-BE54-9A1E7A4F7556}") = "KUK.UnitTests", "KUK.UnitTests\KUK.UnitTests.csproj", "{3A8D7C3A-8DF1-4A01-B46B-D57CF32A56F2}"
EndProject
Project("{9A19103F-16F7-4668-BE54-9A1E7A4F7556}") = "KUK.KafkaProcessor", "KUK.KafkaProcessor\KUK.KafkaProcessor.csproj", "{FCE29791-933E-4932-A2B3-7397A7D40C87}"
EndProject
Project("{FAE04EC0-301F-11D3-BF4B-00C04F79EFBC}") = "KUK.EventsDebugger", "KUK.EventsDebugger\KUK.EventsDebugger.csproj", "{D2AF63D7-BCE2-4B6C-AA93-69BF4CECA8DF}"
EndProject
Global
	GlobalSection(SolutionConfigurationPlatforms) = preSolution
		Debug|Any CPU = Debug|Any CPU
		Release|Any CPU = Release|Any CPU
	EndGlobalSection
	GlobalSection(ProjectConfigurationPlatforms) = postSolution
		{76198EA9-6601-4DE4-B3E7-716A51BA4D55}.Debug|Any CPU.ActiveCfg = Debug|Any CPU
		{76198EA9-6601-4DE4-B3E7-716A51BA4D55}.Debug|Any CPU.Build.0 = Debug|Any CPU
		{76198EA9-6601-4DE4-B3E7-716A51BA4D55}.Release|Any CPU.ActiveCfg = Release|Any CPU
		{76198EA9-6601-4DE4-B3E7-716A51BA4D55}.Release|Any CPU.Build.0 = Release|Any CPU
		{8C82E11D-DDB4-4132-845D-6DA164B09D96}.Debug|Any CPU.ActiveCfg = Debug|Any CPU
		{8C82E11D-DDB4-4132-845D-6DA164B09D96}.Debug|Any CPU.Build.0 = Debug|Any CPU
		{8C82E11D-DDB4-4132-845D-6DA164B09D96}.Release|Any CPU.ActiveCfg = Release|Any CPU
		{8C82E11D-DDB4-4132-845D-6DA164B09D96}.Release|Any CPU.Build.0 = Release|Any CPU
		{BA8370B6-3C6B-45EE-BE79-311A416FA0AE}.Debug|Any CPU.ActiveCfg = Debug|Any CPU
		{BA8370B6-3C6B-45EE-BE79-311A416FA0AE}.Debug|Any CPU.Build.0 = Debug|Any CPU
		{BA8370B6-3C6B-45EE-BE79-311A416FA0AE}.Release|Any CPU.ActiveCfg = Release|Any CPU
		{BA8370B6-3C6B-45EE-BE79-311A416FA0AE}.Release|Any CPU.Build.0 = Release|Any CPU
		{484B0D82-FB16-4E75-AE61-2A8A1A793F6B}.Debug|Any CPU.ActiveCfg = Debug|Any CPU
		{484B0D82-FB16-4E75-AE61-2A8A1A793F6B}.Debug|Any CPU.Build.0 = Debug|Any CPU
		{484B0D82-FB16-4E75-AE61-2A8A1A793F6B}.Release|Any CPU.ActiveCfg = Release|Any CPU
		{484B0D82-FB16-4E75-AE61-2A8A1A793F6B}.Release|Any CPU.Build.0 = Release|Any CPU
		{3A8D7C3A-8DF1-4A01-B46B-D57CF32A56F2}.Debug|Any CPU.ActiveCfg = Debug|Any CPU
		{3A8D7C3A-8DF1-4A01-B46B-D57CF32A56F2}.Debug|Any CPU.Build.0 = Debug|Any CPU
		{3A8D7C3A-8DF1-4A01-B46B-D57CF32A56F2}.Release|Any CPU.ActiveCfg = Release|Any CPU
		{3A8D7C3A-8DF1-4A01-B46B-D57CF32A56F2}.Release|Any CPU.Build.0 = Release|Any CPU
		{FCE29791-933E-4932-A2B3-7397A7D40C87}.Debug|Any CPU.ActiveCfg = Debug|Any CPU
		{FCE29791-933E-4932-A2B3-7397A7D40C87}.Debug|Any CPU.Build.0 = Debug|Any CPU
		{FCE29791-933E-4932-A2B3-7397A7D40C87}.Release|Any CPU.ActiveCfg = Release|Any CPU
		{FCE29791-933E-4932-A2B3-7397A7D40C87}.Release|Any CPU.Build.0 = Release|Any CPU
		{D2AF63D7-BCE2-4B6C-AA93-69BF4CECA8DF}.Debug|Any CPU.ActiveCfg = Debug|Any CPU
		{D2AF63D7-BCE2-4B6C-AA93-69BF4CECA8DF}.Debug|Any CPU.Build.0 = Debug|Any CPU
		{D2AF63D7-BCE2-4B6C-AA93-69BF4CECA8DF}.Release|Any CPU.ActiveCfg = Release|Any CPU
		{D2AF63D7-BCE2-4B6C-AA93-69BF4CECA8DF}.Release|Any CPU.Build.0 = Release|Any CPU
	EndGlobalSection
	GlobalSection(SolutionProperties) = preSolution
		HideSolutionNode = FALSE
	EndGlobalSection
EndGlobal
